
Microsoft Visual Studio Solution File, Format Version 12.00
# Visual Studio Version 16
VisualStudioVersion = 16.0.31205.134
MinimumVisualStudioVersion = 10.0.40219.1
Project("{FAE04EC0-301F-11D3-BF4B-00C04F79EFBC}") = "SampleApp", "SampleApp\SampleApp.csproj", "{79886ECB-EE0B-4250-B1B1-40A5AAC7595D}"
EndProject
Project("{2150E333-8FDC-42A3-9474-1A3956D46DE8}") = "Solution Items", "Solution Items", "{BB306D73-9ED4-414E-892E-85A60894DBEC}"
	ProjectSection(SolutionItems) = preProject
		README.md = README.md
	EndProjectSection
EndProject
Project("{FAE04EC0-301F-11D3-BF4B-00C04F79EFBC}") = "SampleAppTests", "SampleAppTests\SampleAppTests.csproj", "{A78481A9-7481-43D3-868C-92CF4A085EE7}"
EndProject
Global
	GlobalSection(SolutionConfigurationPlatforms) = preSolution
		Debug|Any CPU = Debug|Any CPU
		Release|Any CPU = Release|Any CPU
	EndGlobalSection
	GlobalSection(ProjectConfigurationPlatforms) = postSolution
		{79886ECB-EE0B-4250-B1B1-40A5AAC7595D}.Debug|Any CPU.ActiveCfg = Debug|Any CPU
		{79886ECB-EE0B-4250-B1B1-40A5AAC7595D}.Debug|Any CPU.Build.0 = Debug|Any CPU
		{79886ECB-EE0B-4250-B1B1-40A5AAC7595D}.Release|Any CPU.ActiveCfg = Release|Any CPU
		{79886ECB-EE0B-4250-B1B1-40A5AAC7595D}.Release|Any CPU.Build.0 = Release|Any CPU
		{A78481A9-7481-43D3-868C-92CF4A085EE7}.Debug|Any CPU.ActiveCfg = Debug|Any CPU
		{A78481A9-7481-43D3-868C-92CF4A085EE7}.Debug|Any CPU.Build.0 = Debug|Any CPU
		{A78481A9-7481-43D3-868C-92CF4A085EE7}.Release|Any CPU.ActiveCfg = Release|Any CPU
		{A78481A9-7481-43D3-868C-92CF4A085EE7}.Release|Any CPU.Build.0 = Release|Any CPU
	EndGlobalSection
	GlobalSection(SolutionProperties) = preSolution
		HideSolutionNode = FALSE
	EndGlobalSection
	GlobalSection(ExtensibilityGlobals) = postSolution
		SolutionGuid = {8594E840-0831-4F90-9573-D4D25BF23BEB}
	EndGlobalSection
EndGlobal
